// !$*UTF8*$!
{
	archiveVersion = 1;
	classes = {
	};
	objectVersion = 51;
	objects = {

/* Begin PBXBuildFile section */
		CA28A81523310522007B93D6 /* MainTableVC+UITableViewDelegate.swift in Sources */ = {isa = PBXBuildFile; fileRef = CA28A81423310522007B93D6 /* MainTableVC+UITableViewDelegate.swift */; };
		CA28A81923311865007B93D6 /* DetailVC+UITextFieldDelegate.swift in Sources */ = {isa = PBXBuildFile; fileRef = CA28A81823311865007B93D6 /* DetailVC+UITextFieldDelegate.swift */; };
		CA28A81B23311D60007B93D6 /* DetailVC+UIImagePickerControllerDelegate.swift in Sources */ = {isa = PBXBuildFile; fileRef = CA28A81A23311D60007B93D6 /* DetailVC+UIImagePickerControllerDelegate.swift */; };
		CA28A81D233124B3007B93D6 /* ExtensionString.swift in Sources */ = {isa = PBXBuildFile; fileRef = CA28A81C233124B3007B93D6 /* ExtensionString.swift */; };
		CA28A8222332342D007B93D6 /* NotificationNameExtension.swift in Sources */ = {isa = PBXBuildFile; fileRef = CA28A8212332342D007B93D6 /* NotificationNameExtension.swift */; };
		CA47F1232330C58900327EF0 /* AppDelegate.swift in Sources */ = {isa = PBXBuildFile; fileRef = CA47F1222330C58900327EF0 /* AppDelegate.swift */; };
		CA47F1252330C58900327EF0 /* MainTableVC.swift in Sources */ = {isa = PBXBuildFile; fileRef = CA47F1242330C58900327EF0 /* MainTableVC.swift */; };
		CA47F1282330C58900327EF0 /* Main.storyboard in Resources */ = {isa = PBXBuildFile; fileRef = CA47F1262330C58900327EF0 /* Main.storyboard */; };
		CA47F12A2330C58900327EF0 /* Assets.xcassets in Resources */ = {isa = PBXBuildFile; fileRef = CA47F1292330C58900327EF0 /* Assets.xcassets */; };
		CA47F12D2330C58900327EF0 /* LaunchScreen.storyboard in Resources */ = {isa = PBXBuildFile; fileRef = CA47F12B2330C58900327EF0 /* LaunchScreen.storyboard */; };
		CA47F1352330C8C200327EF0 /* UserRequest.swift in Sources */ = {isa = PBXBuildFile; fileRef = CA47F1342330C8C200327EF0 /* UserRequest.swift */; };
		CA47F1372330C92000327EF0 /* User.swift in Sources */ = {isa = PBXBuildFile; fileRef = CA47F1362330C92000327EF0 /* User.swift */; };
		CA47F13F2330D6B800327EF0 /* UserCell.swift in Sources */ = {isa = PBXBuildFile; fileRef = CA47F13E2330D6B800327EF0 /* UserCell.swift */; };
		CA47F1412330DB0700327EF0 /* MainTableVC+UITableViewDataSource.swift in Sources */ = {isa = PBXBuildFile; fileRef = CA47F1402330DB0700327EF0 /* MainTableVC+UITableViewDataSource.swift */; };
		CA47F1432330FEFD00327EF0 /* DetailVC.swift in Sources */ = {isa = PBXBuildFile; fileRef = CA47F1422330FEFD00327EF0 /* DetailVC.swift */; };
		F1DB6AC8D16FFF88CCBCF0F9 /* Pods_frogogo.framework in Frameworks */ = {isa = PBXBuildFile; fileRef = B3D17B56B351D20E36943804 /* Pods_frogogo.framework */; };
/* End PBXBuildFile section */

/* Begin PBXFileReference section */
		173FA733B7058D32045C877F /* Pods-frogogo.release.xcconfig */ = {isa = PBXFileReference; includeInIndex = 1; lastKnownFileType = text.xcconfig; name = "Pods-frogogo.release.xcconfig"; path = "Target Support Files/Pods-frogogo/Pods-frogogo.release.xcconfig"; sourceTree = "<group>"; };
		7829E1D434FD5AB42E1E37B8 /* Pods-frogogo.debug.xcconfig */ = {isa = PBXFileReference; includeInIndex = 1; lastKnownFileType = text.xcconfig; name = "Pods-frogogo.debug.xcconfig"; path = "Target Support Files/Pods-frogogo/Pods-frogogo.debug.xcconfig"; sourceTree = "<group>"; };
		B3D17B56B351D20E36943804 /* Pods_frogogo.framework */ = {isa = PBXFileReference; explicitFileType = wrapper.framework; includeInIndex = 0; path = Pods_frogogo.framework; sourceTree = BUILT_PRODUCTS_DIR; };
		CA28A81423310522007B93D6 /* MainTableVC+UITableViewDelegate.swift */ = {isa = PBXFileReference; lastKnownFileType = sourcecode.swift; path = "MainTableVC+UITableViewDelegate.swift"; sourceTree = "<group>"; };
		CA28A81823311865007B93D6 /* DetailVC+UITextFieldDelegate.swift */ = {isa = PBXFileReference; lastKnownFileType = sourcecode.swift; path = "DetailVC+UITextFieldDelegate.swift"; sourceTree = "<group>"; };
		CA28A81A23311D60007B93D6 /* DetailVC+UIImagePickerControllerDelegate.swift */ = {isa = PBXFileReference; lastKnownFileType = sourcecode.swift; path = "DetailVC+UIImagePickerControllerDelegate.swift"; sourceTree = "<group>"; };
		CA28A81C233124B3007B93D6 /* ExtensionString.swift */ = {isa = PBXFileReference; lastKnownFileType = sourcecode.swift; path = ExtensionString.swift; sourceTree = "<group>"; };
		CA28A8212332342D007B93D6 /* NotificationNameExtension.swift */ = {isa = PBXFileReference; fileEncoding = 4; lastKnownFileType = sourcecode.swift; path = NotificationNameExtension.swift; sourceTree = "<group>"; };
		CA47F11F2330C58900327EF0 /* frogogo.app */ = {isa = PBXFileReference; explicitFileType = wrapper.application; includeInIndex = 0; path = frogogo.app; sourceTree = BUILT_PRODUCTS_DIR; };
		CA47F1222330C58900327EF0 /* AppDelegate.swift */ = {isa = PBXFileReference; lastKnownFileType = sourcecode.swift; path = AppDelegate.swift; sourceTree = "<group>"; };
		CA47F1242330C58900327EF0 /* MainTableVC.swift */ = {isa = PBXFileReference; lastKnownFileType = sourcecode.swift; path = MainTableVC.swift; sourceTree = "<group>"; };
		CA47F1272330C58900327EF0 /* Base */ = {isa = PBXFileReference; lastKnownFileType = file.storyboard; name = Base; path = Base.lproj/Main.storyboard; sourceTree = "<group>"; };
		CA47F1292330C58900327EF0 /* Assets.xcassets */ = {isa = PBXFileReference; lastKnownFileType = folder.assetcatalog; path = Assets.xcassets; sourceTree = "<group>"; };
		CA47F12C2330C58900327EF0 /* Base */ = {isa = PBXFileReference; lastKnownFileType = file.storyboard; name = Base; path = Base.lproj/LaunchScreen.storyboard; sourceTree = "<group>"; };
		CA47F12E2330C58900327EF0 /* Info.plist */ = {isa = PBXFileReference; lastKnownFileType = text.plist.xml; path = Info.plist; sourceTree = "<group>"; };
		CA47F1342330C8C200327EF0 /* UserRequest.swift */ = {isa = PBXFileReference; lastKnownFileType = sourcecode.swift; path = UserRequest.swift; sourceTree = "<group>"; };
		CA47F1362330C92000327EF0 /* User.swift */ = {isa = PBXFileReference; lastKnownFileType = sourcecode.swift; path = User.swift; sourceTree = "<group>"; };
		CA47F13E2330D6B800327EF0 /* UserCell.swift */ = {isa = PBXFileReference; lastKnownFileType = sourcecode.swift; path = UserCell.swift; sourceTree = "<group>"; };
		CA47F1402330DB0700327EF0 /* MainTableVC+UITableViewDataSource.swift */ = {isa = PBXFileReference; lastKnownFileType = sourcecode.swift; path = "MainTableVC+UITableViewDataSource.swift"; sourceTree = "<group>"; };
		CA47F1422330FEFD00327EF0 /* DetailVC.swift */ = {isa = PBXFileReference; lastKnownFileType = sourcecode.swift; path = DetailVC.swift; sourceTree = "<group>"; };
/* End PBXFileReference section */

/* Begin PBXFrameworksBuildPhase section */
		CA47F11C2330C58900327EF0 /* Frameworks */ = {
			isa = PBXFrameworksBuildPhase;
			buildActionMask = 2147483647;
			files = (
				F1DB6AC8D16FFF88CCBCF0F9 /* Pods_frogogo.framework in Frameworks */,
			);
			runOnlyForDeploymentPostprocessing = 0;
		};
/* End PBXFrameworksBuildPhase section */

/* Begin PBXGroup section */
		3FC7B5BDBB6530E3A31979DB /* Pods */ = {
			isa = PBXGroup;
			children = (
				7829E1D434FD5AB42E1E37B8 /* Pods-frogogo.debug.xcconfig */,
				173FA733B7058D32045C877F /* Pods-frogogo.release.xcconfig */,
			);
			path = Pods;
			sourceTree = "<group>";
		};
		6C30159B476568D9F04C5506 /* Frameworks */ = {
			isa = PBXGroup;
			children = (
				B3D17B56B351D20E36943804 /* Pods_frogogo.framework */,
			);
			name = Frameworks;
			sourceTree = "<group>";
		};
		CA28A8162331062E007B93D6 /* MainVC */ = {
			isa = PBXGroup;
			children = (
				CA47F1242330C58900327EF0 /* MainTableVC.swift */,
				CA47F1402330DB0700327EF0 /* MainTableVC+UITableViewDataSource.swift */,
				CA28A81423310522007B93D6 /* MainTableVC+UITableViewDelegate.swift */,
			);
			path = MainVC;
			sourceTree = "<group>";
		};
		CA28A81723310642007B93D6 /* DetailVC */ = {
			isa = PBXGroup;
			children = (
				CA47F1422330FEFD00327EF0 /* DetailVC.swift */,
				CA28A81823311865007B93D6 /* DetailVC+UITextFieldDelegate.swift */,
				CA28A81A23311D60007B93D6 /* DetailVC+UIImagePickerControllerDelegate.swift */,
			);
			path = DetailVC;
			sourceTree = "<group>";
		};
		CA28A81E233124B7007B93D6 /* Help Extension */ = {
			isa = PBXGroup;
			children = (
				CA28A81C233124B3007B93D6 /* ExtensionString.swift */,
				CA28A8212332342D007B93D6 /* NotificationNameExtension.swift */,
			);
			path = "Help Extension";
			sourceTree = "<group>";
		};
		CA47F1162330C58900327EF0 = {
			isa = PBXGroup;
			children = (
				CA47F1212330C58900327EF0 /* frogogo */,
				CA47F1202330C58900327EF0 /* Products */,
				3FC7B5BDBB6530E3A31979DB /* Pods */,
				6C30159B476568D9F04C5506 /* Frameworks */,
			);
			sourceTree = "<group>";
		};
		CA47F1202330C58900327EF0 /* Products */ = {
			isa = PBXGroup;
			children = (
				CA47F11F2330C58900327EF0 /* frogogo.app */,
			);
			name = Products;
			sourceTree = "<group>";
		};
		CA47F1212330C58900327EF0 /* frogogo */ = {
			isa = PBXGroup;
			children = (
				CA47F1222330C58900327EF0 /* AppDelegate.swift */,
				CA47F1382330C98D00327EF0 /* Model */,
				CA47F13A2330C9A000327EF0 /* View */,
				CA47F13B2330C9B100327EF0 /* Controllers */,
				CA47F1392330C99600327EF0 /* Network */,
				CA28A81E233124B7007B93D6 /* Help Extension */,
				CA47F1292330C58900327EF0 /* Assets.xcassets */,
				CA47F12B2330C58900327EF0 /* LaunchScreen.storyboard */,
				CA47F12E2330C58900327EF0 /* Info.plist */,
			);
			path = frogogo;
			sourceTree = "<group>";
		};
		CA47F1382330C98D00327EF0 /* Model */ = {
			isa = PBXGroup;
			children = (
				CA47F1362330C92000327EF0 /* User.swift */,
			);
			path = Model;
			sourceTree = "<group>";
		};
		CA47F1392330C99600327EF0 /* Network */ = {
			isa = PBXGroup;
			children = (
				CA47F1342330C8C200327EF0 /* UserRequest.swift */,
			);
			path = Network;
			sourceTree = "<group>";
		};
		CA47F13A2330C9A000327EF0 /* View */ = {
			isa = PBXGroup;
			children = (
				CA47F1262330C58900327EF0 /* Main.storyboard */,
				CA47F13E2330D6B800327EF0 /* UserCell.swift */,
			);
			path = View;
			sourceTree = "<group>";
		};
		CA47F13B2330C9B100327EF0 /* Controllers */ = {
			isa = PBXGroup;
			children = (
				CA28A8162331062E007B93D6 /* MainVC */,
				CA28A81723310642007B93D6 /* DetailVC */,
			);
			path = Controllers;
			sourceTree = "<group>";
		};
/* End PBXGroup section */

/* Begin PBXNativeTarget section */
		CA47F11E2330C58900327EF0 /* frogogo */ = {
			isa = PBXNativeTarget;
			buildConfigurationList = CA47F1312330C58900327EF0 /* Build configuration list for PBXNativeTarget "frogogo" */;
			buildPhases = (
				D01CF6FB026E68E4E68FB36F /* [CP] Check Pods Manifest.lock */,
				CA47F11B2330C58900327EF0 /* Sources */,
				CA47F11C2330C58900327EF0 /* Frameworks */,
				CA47F11D2330C58900327EF0 /* Resources */,
				C347D7D41406DC53F2668DFC /* [CP] Embed Pods Frameworks */,
			);
			buildRules = (
			);
			dependencies = (
			);
			name = frogogo;
			productName = frogogo;
			productReference = CA47F11F2330C58900327EF0 /* frogogo.app */;
			productType = "com.apple.product-type.application";
		};
/* End PBXNativeTarget section */

/* Begin PBXProject section */
		CA47F1172330C58900327EF0 /* Project object */ = {
			isa = PBXProject;
			attributes = {
				LastSwiftUpdateCheck = 1030;
				LastUpgradeCheck = 1030;
				ORGANIZATIONNAME = "Iurii Popov";
				TargetAttributes = {
					CA47F11E2330C58900327EF0 = {
						CreatedOnToolsVersion = 10.3;
					};
				};
			};
			buildConfigurationList = CA47F11A2330C58900327EF0 /* Build configuration list for PBXProject "frogogo" */;
			compatibilityVersion = "Xcode 9.3";
			developmentRegion = en;
			hasScannedForEncodings = 0;
			knownRegions = (
				en,
				Base,
			);
			mainGroup = CA47F1162330C58900327EF0;
			productRefGroup = CA47F1202330C58900327EF0 /* Products */;
			projectDirPath = "";
			projectRoot = "";
			targets = (
				CA47F11E2330C58900327EF0 /* frogogo */,
			);
		};
/* End PBXProject section */

/* Begin PBXResourcesBuildPhase section */
		CA47F11D2330C58900327EF0 /* Resources */ = {
			isa = PBXResourcesBuildPhase;
			buildActionMask = 2147483647;
			files = (
				CA47F12D2330C58900327EF0 /* LaunchScreen.storyboard in Resources */,
				CA47F12A2330C58900327EF0 /* Assets.xcassets in Resources */,
				CA47F1282330C58900327EF0 /* Main.storyboard in Resources */,
			);
			runOnlyForDeploymentPostprocessing = 0;
		};
/* End PBXResourcesBuildPhase section */

/* Begin PBXShellScriptBuildPhase section */
		C347D7D41406DC53F2668DFC /* [CP] Embed Pods Frameworks */ = {
			isa = PBXShellScriptBuildPhase;
			buildActionMask = 2147483647;
			files = (
			);
			inputFileListPaths = (
				"${PODS_ROOT}/Target Support Files/Pods-frogogo/Pods-frogogo-frameworks-${CONFIGURATION}-input-files.xcfilelist",
			);
			name = "[CP] Embed Pods Frameworks";
			outputFileListPaths = (
				"${PODS_ROOT}/Target Support Files/Pods-frogogo/Pods-frogogo-frameworks-${CONFIGURATION}-output-files.xcfilelist",
			);
			runOnlyForDeploymentPostprocessing = 0;
			shellPath = /bin/sh;
			shellScript = "\"${PODS_ROOT}/Target Support Files/Pods-frogogo/Pods-frogogo-frameworks.sh\"\n";
			showEnvVarsInLog = 0;
		};
		D01CF6FB026E68E4E68FB36F /* [CP] Check Pods Manifest.lock */ = {
			isa = PBXShellScriptBuildPhase;
			buildActionMask = 2147483647;
			files = (
			);
			inputFileListPaths = (
			);
			inputPaths = (
				"${PODS_PODFILE_DIR_PATH}/Podfile.lock",
				"${PODS_ROOT}/Manifest.lock",
			);
			name = "[CP] Check Pods Manifest.lock";
			outputFileListPaths = (
			);
			outputPaths = (
				"$(DERIVED_FILE_DIR)/Pods-frogogo-checkManifestLockResult.txt",
			);
			runOnlyForDeploymentPostprocessing = 0;
			shellPath = /bin/sh;
			shellScript = "diff \"${PODS_PODFILE_DIR_PATH}/Podfile.lock\" \"${PODS_ROOT}/Manifest.lock\" > /dev/null\nif [ $? != 0 ] ; then\n    # print error to STDERR\n    echo \"error: The sandbox is not in sync with the Podfile.lock. Run 'pod install' or update your CocoaPods installation.\" >&2\n    exit 1\nfi\n# This output is used by Xcode 'outputs' to avoid re-running this script phase.\necho \"SUCCESS\" > \"${SCRIPT_OUTPUT_FILE_0}\"\n";
			showEnvVarsInLog = 0;
		};
/* End PBXShellScriptBuildPhase section */

/* Begin PBXSourcesBuildPhase section */
		CA47F11B2330C58900327EF0 /* Sources */ = {
			isa = PBXSourcesBuildPhase;
			buildActionMask = 2147483647;
			files = (
				CA47F1372330C92000327EF0 /* User.swift in Sources */,
				CA47F1252330C58900327EF0 /* MainTableVC.swift in Sources */,
				CA47F1352330C8C200327EF0 /* UserRequest.swift in Sources */,
				CA28A8222332342D007B93D6 /* NotificationNameExtension.swift in Sources */,
				CA47F13F2330D6B800327EF0 /* UserCell.swift in Sources */,
				CA28A81B23311D60007B93D6 /* DetailVC+UIImagePickerControllerDelegate.swift in Sources */,
				CA47F1232330C58900327EF0 /* AppDelegate.swift in Sources */,
				CA28A81923311865007B93D6 /* DetailVC+UITextFieldDelegate.swift in Sources */,
				CA28A81D233124B3007B93D6 /* ExtensionString.swift in Sources */,
				CA28A81523310522007B93D6 /* MainTableVC+UITableViewDelegate.swift in Sources */,
				CA47F1412330DB0700327EF0 /* MainTableVC+UITableViewDataSource.swift in Sources */,
				CA47F1432330FEFD00327EF0 /* DetailVC.swift in Sources */,
			);
			runOnlyForDeploymentPostprocessing = 0;
		};
/* End PBXSourcesBuildPhase section */

/* Begin PBXVariantGroup section */
		CA47F1262330C58900327EF0 /* Main.storyboard */ = {
			isa = PBXVariantGroup;
			children = (
				CA47F1272330C58900327EF0 /* Base */,
			);
			name = Main.storyboard;
			sourceTree = "<group>";
		};
		CA47F12B2330C58900327EF0 /* LaunchScreen.storyboard */ = {
			isa = PBXVariantGroup;
			children = (
				CA47F12C2330C58900327EF0 /* Base */,
			);
			name = LaunchScreen.storyboard;
			sourceTree = "<group>";
		};
/* End PBXVariantGroup section */

/* Begin XCBuildConfiguration section */
		CA47F12F2330C58900327EF0 /* Debug */ = {
			isa = XCBuildConfiguration;
			buildSettings = {
				ALWAYS_SEARCH_USER_PATHS = NO;
				CLANG_ANALYZER_NONNULL = YES;
				CLANG_ANALYZER_NUMBER_OBJECT_CONVERSION = YES_AGGRESSIVE;
				CLANG_CXX_LANGUAGE_STANDARD = "gnu++14";
				CLANG_CXX_LIBRARY = "libc++";
				CLANG_ENABLE_MODULES = YES;
				CLANG_ENABLE_OBJC_ARC = YES;
				CLANG_ENABLE_OBJC_WEAK = YES;
				CLANG_WARN_BLOCK_CAPTURE_AUTORELEASING = YES;
				CLANG_WARN_BOOL_CONVERSION = YES;
				CLANG_WARN_COMMA = YES;
				CLANG_WARN_CONSTANT_CONVERSION = YES;
				CLANG_WARN_DEPRECATED_OBJC_IMPLEMENTATIONS = YES;
				CLANG_WARN_DIRECT_OBJC_ISA_USAGE = YES_ERROR;
				CLANG_WARN_DOCUMENTATION_COMMENTS = YES;
				CLANG_WARN_EMPTY_BODY = YES;
				CLANG_WARN_ENUM_CONVERSION = YES;
				CLANG_WARN_INFINITE_RECURSION = YES;
				CLANG_WARN_INT_CONVERSION = YES;
				CLANG_WARN_NON_LITERAL_NULL_CONVERSION = YES;
				CLANG_WARN_OBJC_IMPLICIT_RETAIN_SELF = YES;
				CLANG_WARN_OBJC_LITERAL_CONVERSION = YES;
				CLANG_WARN_OBJC_ROOT_CLASS = YES_ERROR;
				CLANG_WARN_RANGE_LOOP_ANALYSIS = YES;
				CLANG_WARN_STRICT_PROTOTYPES = YES;
				CLANG_WARN_SUSPICIOUS_MOVE = YES;
				CLANG_WARN_UNGUARDED_AVAILABILITY = YES_AGGRESSIVE;
				CLANG_WARN_UNREACHABLE_CODE = YES;
				CLANG_WARN__DUPLICATE_METHOD_MATCH = YES;
				CODE_SIGN_IDENTITY = "iPhone Developer";
				COPY_PHASE_STRIP = NO;
				DEBUG_INFORMATION_FORMAT = dwarf;
				ENABLE_STRICT_OBJC_MSGSEND = YES;
				ENABLE_TESTABILITY = YES;
				GCC_C_LANGUAGE_STANDARD = gnu11;
				GCC_DYNAMIC_NO_PIC = NO;
				GCC_NO_COMMON_BLOCKS = YES;
				GCC_OPTIMIZATION_LEVEL = 0;
				GCC_PREPROCESSOR_DEFINITIONS = (
					"DEBUG=1",
					"$(inherited)",
				);
				GCC_WARN_64_TO_32_BIT_CONVERSION = YES;
				GCC_WARN_ABOUT_RETURN_TYPE = YES_ERROR;
				GCC_WARN_UNDECLARED_SELECTOR = YES;
				GCC_WARN_UNINITIALIZED_AUTOS = YES_AGGRESSIVE;
				GCC_WARN_UNUSED_FUNCTION = YES;
				GCC_WARN_UNUSED_VARIABLE = YES;
				IPHONEOS_DEPLOYMENT_TARGET = 12.4;
				MTL_ENABLE_DEBUG_INFO = INCLUDE_SOURCE;
				MTL_FAST_MATH = YES;
				ONLY_ACTIVE_ARCH = YES;
				SDKROOT = iphoneos;
				SWIFT_ACTIVE_COMPILATION_CONDITIONS = DEBUG;
				SWIFT_OPTIMIZATION_LEVEL = "-Onone";
			};
			name = Debug;
		};
		CA47F1302330C58900327EF0 /* Release */ = {
			isa = XCBuildConfiguration;
			buildSettings = {
				ALWAYS_SEARCH_USER_PATHS = NO;
				CLANG_ANALYZER_NONNULL = YES;
				CLANG_ANALYZER_NUMBER_OBJECT_CONVERSION = YES_AGGRESSIVE;
				CLANG_CXX_LANGUAGE_STANDARD = "gnu++14";
				CLANG_CXX_LIBRARY = "libc++";
				CLANG_ENABLE_MODULES = YES;
				CLANG_ENABLE_OBJC_ARC = YES;
				CLANG_ENABLE_OBJC_WEAK = YES;
				CLANG_WARN_BLOCK_CAPTURE_AUTORELEASING = YES;
				CLANG_WARN_BOOL_CONVERSION = YES;
				CLANG_WARN_COMMA = YES;
				CLANG_WARN_CONSTANT_CONVERSION = YES;
				CLANG_WARN_DEPRECATED_OBJC_IMPLEMENTATIONS = YES;
				CLANG_WARN_DIRECT_OBJC_ISA_USAGE = YES_ERROR;
				CLANG_WARN_DOCUMENTATION_COMMENTS = YES;
				CLANG_WARN_EMPTY_BODY = YES;
				CLANG_WARN_ENUM_CONVERSION = YES;
				CLANG_WARN_INFINITE_RECURSION = YES;
				CLANG_WARN_INT_CONVERSION = YES;
				CLANG_WARN_NON_LITERAL_NULL_CONVERSION = YES;
				CLANG_WARN_OBJC_IMPLICIT_RETAIN_SELF = YES;
				CLANG_WARN_OBJC_LITERAL_CONVERSION = YES;
				CLANG_WARN_OBJC_ROOT_CLASS = YES_ERROR;
				CLANG_WARN_RANGE_LOOP_ANALYSIS = YES;
				CLANG_WARN_STRICT_PROTOTYPES = YES;
				CLANG_WARN_SUSPICIOUS_MOVE = YES;
				CLANG_WARN_UNGUARDED_AVAILABILITY = YES_AGGRESSIVE;
				CLANG_WARN_UNREACHABLE_CODE = YES;
				CLANG_WARN__DUPLICATE_METHOD_MATCH = YES;
				CODE_SIGN_IDENTITY = "iPhone Developer";
				COPY_PHASE_STRIP = NO;
				DEBUG_INFORMATION_FORMAT = "dwarf-with-dsym";
				ENABLE_NS_ASSERTIONS = NO;
				ENABLE_STRICT_OBJC_MSGSEND = YES;
				GCC_C_LANGUAGE_STANDARD = gnu11;
				GCC_NO_COMMON_BLOCKS = YES;
				GCC_WARN_64_TO_32_BIT_CONVERSION = YES;
				GCC_WARN_ABOUT_RETURN_TYPE = YES_ERROR;
				GCC_WARN_UNDECLARED_SELECTOR = YES;
				GCC_WARN_UNINITIALIZED_AUTOS = YES_AGGRESSIVE;
				GCC_WARN_UNUSED_FUNCTION = YES;
				GCC_WARN_UNUSED_VARIABLE = YES;
				IPHONEOS_DEPLOYMENT_TARGET = 12.4;
				MTL_ENABLE_DEBUG_INFO = NO;
				MTL_FAST_MATH = YES;
				SDKROOT = iphoneos;
				SWIFT_COMPILATION_MODE = wholemodule;
				SWIFT_OPTIMIZATION_LEVEL = "-O";
				VALIDATE_PRODUCT = YES;
			};
			name = Release;
		};
		CA47F1322330C58900327EF0 /* Debug */ = {
			isa = XCBuildConfiguration;
			baseConfigurationReference = 7829E1D434FD5AB42E1E37B8 /* Pods-frogogo.debug.xcconfig */;
			buildSettings = {
				ASSETCATALOG_COMPILER_APPICON_NAME = AppIcon;
				CODE_SIGN_STYLE = Automatic;
				DEVELOPMENT_TEAM = 54SGD4HVN5;
				INFOPLIST_FILE = frogogo/Info.plist;
				LD_RUNPATH_SEARCH_PATHS = (
					"$(inherited)",
					"@executable_path/Frameworks",
				);
				PRODUCT_BUNDLE_IDENTIFIER = com.IuriiPopov.frogogo;
				PRODUCT_NAME = "$(TARGET_NAME)";
				SWIFT_VERSION = 5.0;
				TARGETED_DEVICE_FAMILY = 1;
			};
			name = Debug;
		};
		CA47F1332330C58900327EF0 /* Release */ = {
			isa = XCBuildConfiguration;
			baseConfigurationReference = 173FA733B7058D32045C877F /* Pods-frogogo.release.xcconfig */;
			buildSettings = {
				ASSETCATALOG_COMPILER_APPICON_NAME = AppIcon;
				CODE_SIGN_STYLE = Automatic;
				DEVELOPMENT_TEAM = 54SGD4HVN5;
				INFOPLIST_FILE = frogogo/Info.plist;
				LD_RUNPATH_SEARCH_PATHS = (
					"$(inherited)",
					"@executable_path/Frameworks",
				);
				PRODUCT_BUNDLE_IDENTIFIER = com.IuriiPopov.frogogo;
				PRODUCT_NAME = "$(TARGET_NAME)";
				SWIFT_VERSION = 5.0;
				TARGETED_DEVICE_FAMILY = 1;
			};
			name = Release;
		};
/* End XCBuildConfiguration section */

/* Begin XCConfigurationList section */
		CA47F11A2330C58900327EF0 /* Build configuration list for PBXProject "frogogo" */ = {
			isa = XCConfigurationList;
			buildConfigurations = (
				CA47F12F2330C58900327EF0 /* Debug */,
				CA47F1302330C58900327EF0 /* Release */,
			);
			defaultConfigurationIsVisible = 0;
			defaultConfigurationName = Release;
		};
		CA47F1312330C58900327EF0 /* Build configuration list for PBXNativeTarget "frogogo" */ = {
			isa = XCConfigurationList;
			buildConfigurations = (
				CA47F1322330C58900327EF0 /* Debug */,
				CA47F1332330C58900327EF0 /* Release */,
			);
			defaultConfigurationIsVisible = 0;
			defaultConfigurationName = Release;
		};
/* End XCConfigurationList section */
	};
	rootObject = CA47F1172330C58900327EF0 /* Project object */;
}
